
Microsoft Visual Studio Solution File, Format Version 12.00
# Visual Studio for Mac
Project("{FAE04EC0-301F-11D3-BF4B-00C04F79EFBC}") = "Arkanoid", "Arkanoid.csproj", "{B2C7635B-D429-0DB0-834E-52799E6FB92B}"
EndProject
Project("{FAE04EC0-301F-11D3-BF4B-00C04F79EFBC}") = "Arkanoid.Editor", "Arkanoid.Editor.csproj", "{EE2FC06C-832C-516D-8988-8BDD2E160658}"
EndProject
Global
	GlobalSection(SolutionConfigurationPlatforms) = preSolution
		Debug|Any CPU = Debug|Any CPU
		Release|Any CPU = Release|Any CPU
	EndGlobalSection
	GlobalSection(ProjectConfigurationPlatforms) = postSolution
		{B2C7635B-D429-0DB0-834E-52799E6FB92B}.Debug|Any CPU.ActiveCfg = Debug|Any CPU
		{B2C7635B-D429-0DB0-834E-52799E6FB92B}.Debug|Any CPU.Build.0 = Debug|Any CPU
		{B2C7635B-D429-0DB0-834E-52799E6FB92B}.Release|Any CPU.ActiveCfg = Release|Any CPU
		{B2C7635B-D429-0DB0-834E-52799E6FB92B}.Release|Any CPU.Build.0 = Release|Any CPU
		{EE2FC06C-832C-516D-8988-8BDD2E160658}.Debug|Any CPU.ActiveCfg = Debug|Any CPU
		{EE2FC06C-832C-516D-8988-8BDD2E160658}.Debug|Any CPU.Build.0 = Debug|Any CPU
		{EE2FC06C-832C-516D-8988-8BDD2E160658}.Release|Any CPU.ActiveCfg = Release|Any CPU
		{EE2FC06C-832C-516D-8988-8BDD2E160658}.Release|Any CPU.Build.0 = Release|Any CPU
	EndGlobalSection
	GlobalSection(SolutionProperties) = preSolution
		HideSolutionNode = FALSE
	EndGlobalSection
EndGlobal
